
Microsoft Visual Studio Solution File, Format Version 12.00
# Visual Studio Version 16
VisualStudioVersion = 16.0.30523.141
MinimumVisualStudioVersion = 10.0.40219.1
Project("{FAE04EC0-301F-11D3-BF4B-00C04F79EFBC}") = "Coffee", "Coffee.csproj", "{D6458F86-3E7A-41A3-AC00-3D1CFFDB6814}"
EndProject
Global
	GlobalSection(SolutionConfigurationPlatforms) = preSolution
		Debug|Any CPU = Debug|Any CPU
		Release|Any CPU = Release|Any CPU
	EndGlobalSection
	GlobalSection(ProjectConfigurationPlatforms) = postSolution
		{D6458F86-3E7A-41A3-AC00-3D1CFFDB6814}.Debug|Any CPU.ActiveCfg = Debug|Any CPU
		{D6458F86-3E7A-41A3-AC00-3D1CFFDB6814}.Debug|Any CPU.Build.0 = Debug|Any CPU
		{D6458F86-3E7A-41A3-AC00-3D1CFFDB6814}.Release|Any CPU.ActiveCfg = Release|Any CPU
		{D6458F86-3E7A-41A3-AC00-3D1CFFDB6814}.Release|Any CPU.Build.0 = Release|Any CPU
	EndGlobalSection
	GlobalSection(SolutionProperties) = preSolution
		HideSolutionNode = FALSE
	EndGlobalSection
	GlobalSection(ExtensibilityGlobals) = postSolution
		SolutionGuid = {63CB3D97-432A-4D7F-A0ED-87296EACED89}
	EndGlobalSection
EndGlobal
